
Microsoft Visual Studio Solution File, Format Version 12.00
# Visual Studio Version 16
VisualStudioVersion = 16.0.30413.136
MinimumVisualStudioVersion = 10.0.40219.1
Project("{FAE04EC0-301F-11D3-BF4B-00C04F79EFBC}") = "JSTypeTester", "JSTypeTester\JSTypeTester.csproj", "{A222F22F-E35B-4D36-8AF4-D608A851B44F}"
EndProject
Project("{FAE04EC0-301F-11D3-BF4B-00C04F79EFBC}") = "DataManager", "DataManager\DataManager.csproj", "{7CA1AA0C-060E-45EB-A2FA-8C621A604AAF}"
EndProject
Project("{FAE04EC0-301F-11D3-BF4B-00C04F79EFBC}") = "Entities", "Entities\Entities.csproj", "{DE27C2FA-501A-43F4-AEF9-FB0CCF4FE95A}"
EndProject
Project("{FAE04EC0-301F-11D3-BF4B-00C04F79EFBC}") = "Logger", "Logger\Logger.csproj", "{B49D8859-EE89-45A5-8EC5-1070D1ED206C}"
EndProject
Project("{FAE04EC0-301F-11D3-BF4B-00C04F79EFBC}") = "SpeedAnalyzer", "SpeedAnalyzer\SpeedAnalyzer.csproj", "{B87C1AB3-764D-4663-BF6E-82FE3708A5E0}"
EndProject
Global
	GlobalSection(SolutionConfigurationPlatforms) = preSolution
		Debug|Any CPU = Debug|Any CPU
		Release|Any CPU = Release|Any CPU
	EndGlobalSection
	GlobalSection(ProjectConfigurationPlatforms) = postSolution
		{A222F22F-E35B-4D36-8AF4-D608A851B44F}.Debug|Any CPU.ActiveCfg = Debug|Any CPU
		{A222F22F-E35B-4D36-8AF4-D608A851B44F}.Debug|Any CPU.Build.0 = Debug|Any CPU
		{A222F22F-E35B-4D36-8AF4-D608A851B44F}.Release|Any CPU.ActiveCfg = Release|Any CPU
		{A222F22F-E35B-4D36-8AF4-D608A851B44F}.Release|Any CPU.Build.0 = Release|Any CPU
		{7CA1AA0C-060E-45EB-A2FA-8C621A604AAF}.Debug|Any CPU.ActiveCfg = Debug|Any CPU
		{7CA1AA0C-060E-45EB-A2FA-8C621A604AAF}.Debug|Any CPU.Build.0 = Debug|Any CPU
		{7CA1AA0C-060E-45EB-A2FA-8C621A604AAF}.Release|Any CPU.ActiveCfg = Release|Any CPU
		{7CA1AA0C-060E-45EB-A2FA-8C621A604AAF}.Release|Any CPU.Build.0 = Release|Any CPU
		{DE27C2FA-501A-43F4-AEF9-FB0CCF4FE95A}.Debug|Any CPU.ActiveCfg = Debug|Any CPU
		{DE27C2FA-501A-43F4-AEF9-FB0CCF4FE95A}.Debug|Any CPU.Build.0 = Debug|Any CPU
		{DE27C2FA-501A-43F4-AEF9-FB0CCF4FE95A}.Release|Any CPU.ActiveCfg = Release|Any CPU
		{DE27C2FA-501A-43F4-AEF9-FB0CCF4FE95A}.Release|Any CPU.Build.0 = Release|Any CPU
		{B49D8859-EE89-45A5-8EC5-1070D1ED206C}.Debug|Any CPU.ActiveCfg = Debug|Any CPU
		{B49D8859-EE89-45A5-8EC5-1070D1ED206C}.Debug|Any CPU.Build.0 = Debug|Any CPU
		{B49D8859-EE89-45A5-8EC5-1070D1ED206C}.Release|Any CPU.ActiveCfg = Release|Any CPU
		{B49D8859-EE89-45A5-8EC5-1070D1ED206C}.Release|Any CPU.Build.0 = Release|Any CPU
		{B87C1AB3-764D-4663-BF6E-82FE3708A5E0}.Debug|Any CPU.ActiveCfg = Debug|Any CPU
		{B87C1AB3-764D-4663-BF6E-82FE3708A5E0}.Debug|Any CPU.Build.0 = Debug|Any CPU
		{B87C1AB3-764D-4663-BF6E-82FE3708A5E0}.Release|Any CPU.ActiveCfg = Release|Any CPU
		{B87C1AB3-764D-4663-BF6E-82FE3708A5E0}.Release|Any CPU.Build.0 = Release|Any CPU
	EndGlobalSection
	GlobalSection(SolutionProperties) = preSolution
		HideSolutionNode = FALSE
	EndGlobalSection
	GlobalSection(ExtensibilityGlobals) = postSolution
		SolutionGuid = {ADFBDC32-6106-41BE-AE3F-B98F39395927}
	EndGlobalSection
EndGlobal
